
Microsoft Visual Studio Solution File, Format Version 12.00
# Visual Studio Version 17
VisualStudioVersion = 17.8.34525.116
MinimumVisualStudioVersion = 10.0.40219.1
Project("{9A19103F-16F7-4668-BE54-9A1E7A4F7556}") = "Lr_1", "Lr_1\Lr_1.csproj", "{A27EFA8A-9A12-4D8A-AB58-B0EE21DF2D0F}"
EndProject
Project("{FAE04EC0-301F-11D3-BF4B-00C04F79EFBC}") = "Lr_2", "Lr_2\Lr_2.csproj", "{14290B71-173B-4475-8E6B-A54F2255A8D7}"
EndProject
Project("{FAE04EC0-301F-11D3-BF4B-00C04F79EFBC}") = "Lr_3", "Lr_3\Lr_3.csproj", "{F3E837D9-52FA-4EBE-A455-F01DF963FB15}"
EndProject
Global
	GlobalSection(SolutionConfigurationPlatforms) = preSolution
		Debug|Any CPU = Debug|Any CPU
		Release|Any CPU = Release|Any CPU
	EndGlobalSection
	GlobalSection(ProjectConfigurationPlatforms) = postSolution
		{A27EFA8A-9A12-4D8A-AB58-B0EE21DF2D0F}.Debug|Any CPU.ActiveCfg = Debug|Any CPU
		{A27EFA8A-9A12-4D8A-AB58-B0EE21DF2D0F}.Debug|Any CPU.Build.0 = Debug|Any CPU
		{A27EFA8A-9A12-4D8A-AB58-B0EE21DF2D0F}.Release|Any CPU.ActiveCfg = Release|Any CPU
		{A27EFA8A-9A12-4D8A-AB58-B0EE21DF2D0F}.Release|Any CPU.Build.0 = Release|Any CPU
		{14290B71-173B-4475-8E6B-A54F2255A8D7}.Debug|Any CPU.ActiveCfg = Debug|Any CPU
		{14290B71-173B-4475-8E6B-A54F2255A8D7}.Debug|Any CPU.Build.0 = Debug|Any CPU
		{14290B71-173B-4475-8E6B-A54F2255A8D7}.Release|Any CPU.ActiveCfg = Release|Any CPU
		{14290B71-173B-4475-8E6B-A54F2255A8D7}.Release|Any CPU.Build.0 = Release|Any CPU
		{F3E837D9-52FA-4EBE-A455-F01DF963FB15}.Debug|Any CPU.ActiveCfg = Debug|Any CPU
		{F3E837D9-52FA-4EBE-A455-F01DF963FB15}.Debug|Any CPU.Build.0 = Debug|Any CPU
		{F3E837D9-52FA-4EBE-A455-F01DF963FB15}.Release|Any CPU.ActiveCfg = Release|Any CPU
		{F3E837D9-52FA-4EBE-A455-F01DF963FB15}.Release|Any CPU.Build.0 = Release|Any CPU
	EndGlobalSection
	GlobalSection(SolutionProperties) = preSolution
		HideSolutionNode = FALSE
	EndGlobalSection
	GlobalSection(ExtensibilityGlobals) = postSolution
		SolutionGuid = {E3D039C9-1FCA-4B60-8934-AD3F2FDB3D97}
	EndGlobalSection
EndGlobal
